// !$*UTF8*$!
{
	archiveVersion = 1;
	classes = {
	};
	objectVersion = 56;
	objects = {

/* Begin PBXBuildFile section */
		BC84C528C0988D3F0779B0E1 /* Pods_zebra_look.framework in Frameworks */ = {isa = PBXBuildFile; fileRef = E2411C3E8E456DA71A4E01EA /* Pods_zebra_look.framework */; };
		F205EABF292A2AF40022ABDA /* ListTableHeaderView.xib in Resources */ = {isa = PBXBuildFile; fileRef = F205EABE292A2AF40022ABDA /* ListTableHeaderView.xib */; };
		F205EAC1292A2B220022ABDA /* ListTableHeaderView.swift in Sources */ = {isa = PBXBuildFile; fileRef = F205EAC0292A2B220022ABDA /* ListTableHeaderView.swift */; };
		F205EAC3292A40120022ABDA /* ListTableSectionHeaderView.swift in Sources */ = {isa = PBXBuildFile; fileRef = F205EAC2292A40120022ABDA /* ListTableSectionHeaderView.swift */; };
		F205EAC5292A40220022ABDA /* ListTableSectionHeaderView.xib in Resources */ = {isa = PBXBuildFile; fileRef = F205EAC4292A40220022ABDA /* ListTableSectionHeaderView.xib */; };
		F206C90929164F0A003BD885 /* list.storyboard in Resources */ = {isa = PBXBuildFile; fileRef = F206C90729164F0A003BD885 /* list.storyboard */; };
		F21CEBBE28FBB4E500AE2396 /* AboutController.swift in Sources */ = {isa = PBXBuildFile; fileRef = F21CEBBD28FBB4E500AE2396 /* AboutController.swift */; };
		F21CEBC028FBCB5A00AE2396 /* MeModify.storyboard in Resources */ = {isa = PBXBuildFile; fileRef = F21CEBBF28FBCB5A00AE2396 /* MeModify.storyboard */; };
		F21CEBC228FBCE9A00AE2396 /* MeModifyController.swift in Sources */ = {isa = PBXBuildFile; fileRef = F21CEBC128FBCE9A00AE2396 /* MeModifyController.swift */; };
		F226C855292CF35D006CC998 /* ListAddViewController.swift in Sources */ = {isa = PBXBuildFile; fileRef = F226C853292CF35D006CC998 /* ListAddViewController.swift */; };
		F226C856292CF35D006CC998 /* ListAddViewController.xib in Resources */ = {isa = PBXBuildFile; fileRef = F226C854292CF35D006CC998 /* ListAddViewController.xib */; };
		F228184028EC2F430080AF18 /* MeCoordinator.swift in Sources */ = {isa = PBXBuildFile; fileRef = F228183F28EC2F430080AF18 /* MeCoordinator.swift */; };
		F228184228EC300C0080AF18 /* ChoiceCoordinator.swift in Sources */ = {isa = PBXBuildFile; fileRef = F228184128EC300C0080AF18 /* ChoiceCoordinator.swift */; };
		F228184428EC304D0080AF18 /* HomeCoordinator.swift in Sources */ = {isa = PBXBuildFile; fileRef = F228184328EC304D0080AF18 /* HomeCoordinator.swift */; };
		F243556628F8299C00E59604 /* OurInfoController.swift in Sources */ = {isa = PBXBuildFile; fileRef = F243556428F8299C00E59604 /* OurInfoController.swift */; };
		F243556728F8299C00E59604 /* OurInfoController.xib in Resources */ = {isa = PBXBuildFile; fileRef = F243556528F8299C00E59604 /* OurInfoController.xib */; };
		F24BC65228F2F9D500F51930 /* HotCollectionCell.swift in Sources */ = {isa = PBXBuildFile; fileRef = F24BC65028F2F9D500F51930 /* HotCollectionCell.swift */; };
		F24BC65328F2F9D500F51930 /* HotCollectionCell.xib in Resources */ = {isa = PBXBuildFile; fileRef = F24BC65128F2F9D500F51930 /* HotCollectionCell.xib */; };
		F24F4201292EFFDE000EA13A /* ChoiceItemCell.swift in Sources */ = {isa = PBXBuildFile; fileRef = F24F41FF292EFFDE000EA13A /* ChoiceItemCell.swift */; };
		F24F4202292EFFDE000EA13A /* ChoiceItemCell.xib in Resources */ = {isa = PBXBuildFile; fileRef = F24F4200292EFFDE000EA13A /* ChoiceItemCell.xib */; };
		F24F4205292F079C000EA13A /* ChoiceCollectionHeaderView.swift in Sources */ = {isa = PBXBuildFile; fileRef = F24F4203292F079C000EA13A /* ChoiceCollectionHeaderView.swift */; };
		F24F4206292F079C000EA13A /* ChoiceCollectionHeaderView.xib in Resources */ = {isa = PBXBuildFile; fileRef = F24F4204292F079C000EA13A /* ChoiceCollectionHeaderView.xib */; };
		F24F4209292F1ABB000EA13A /* ReadHotDataViewController.swift in Sources */ = {isa = PBXBuildFile; fileRef = F24F4207292F1ABB000EA13A /* ReadHotDataViewController.swift */; };
		F24F420A292F1ABB000EA13A /* ReadHotDataViewController.xib in Resources */ = {isa = PBXBuildFile; fileRef = F24F4208292F1ABB000EA13A /* ReadHotDataViewController.xib */; };
		F24F420D292F1F39000EA13A /* HotDataTitleCell.swift in Sources */ = {isa = PBXBuildFile; fileRef = F24F420B292F1F39000EA13A /* HotDataTitleCell.swift */; };
		F24F420E292F1F39000EA13A /* HotDataTitleCell.xib in Resources */ = {isa = PBXBuildFile; fileRef = F24F420C292F1F39000EA13A /* HotDataTitleCell.xib */; };
		F24F4211292F3850000EA13A /* HotDataBottomCell.swift in Sources */ = {isa = PBXBuildFile; fileRef = F24F420F292F3850000EA13A /* HotDataBottomCell.swift */; };
		F24F4212292F3850000EA13A /* HotDataBottomCell.xib in Resources */ = {isa = PBXBuildFile; fileRef = F24F4210292F3850000EA13A /* HotDataBottomCell.xib */; };
		F24F4215292F3FA1000EA13A /* HotDataTagCell.swift in Sources */ = {isa = PBXBuildFile; fileRef = F24F4213292F3FA1000EA13A /* HotDataTagCell.swift */; };
		F24F4216292F3FA1000EA13A /* HotDataTagCell.xib in Resources */ = {isa = PBXBuildFile; fileRef = F24F4214292F3FA1000EA13A /* HotDataTagCell.xib */; };
		F24F4219292F489C000EA13A /* HotDataTextCell.swift in Sources */ = {isa = PBXBuildFile; fileRef = F24F4217292F489C000EA13A /* HotDataTextCell.swift */; };
		F24F421A292F489C000EA13A /* HotDataTextCell.xib in Resources */ = {isa = PBXBuildFile; fileRef = F24F4218292F489C000EA13A /* HotDataTextCell.xib */; };
		F24F421D292F48B3000EA13A /* HotDataMediaCell.swift in Sources */ = {isa = PBXBuildFile; fileRef = F24F421B292F48B3000EA13A /* HotDataMediaCell.swift */; };
		F24F421E292F48B3000EA13A /* HotDataMediaCell.xib in Resources */ = {isa = PBXBuildFile; fileRef = F24F421C292F48B3000EA13A /* HotDataMediaCell.xib */; };
		F2549CA8293C83F50026F774 /* AllPredictDataSource.swift in Sources */ = {isa = PBXBuildFile; fileRef = F2549CA7293C83F50026F774 /* AllPredictDataSource.swift */; };
		F2549CAA293CA8140026F774 /* DoingDataSource.swift in Sources */ = {isa = PBXBuildFile; fileRef = F2549CA9293CA8140026F774 /* DoingDataSource.swift */; };
		F27173E5292C95E50009A7FB /* UIView+Extension.swift in Sources */ = {isa = PBXBuildFile; fileRef = F27173E4292C95E50009A7FB /* UIView+Extension.swift */; };
		F2779F3A292BB6170011BAD1 /* ListEditCell.swift in Sources */ = {isa = PBXBuildFile; fileRef = F2779F38292BB6170011BAD1 /* ListEditCell.swift */; };
		F2779F3B292BB6170011BAD1 /* ListEditCell.xib in Resources */ = {isa = PBXBuildFile; fileRef = F2779F39292BB6170011BAD1 /* ListEditCell.xib */; };
		F290EC3229166050008E3802 /* ListViewController.swift in Sources */ = {isa = PBXBuildFile; fileRef = F290EC3129166050008E3802 /* ListViewController.swift */; };
		F290EC35291796AF008E3802 /* ItemViewController.swift in Sources */ = {isa = PBXBuildFile; fileRef = F290EC33291796AF008E3802 /* ItemViewController.swift */; };
		F290EC36291796AF008E3802 /* ItemViewController.xib in Resources */ = {isa = PBXBuildFile; fileRef = F290EC34291796AF008E3802 /* ItemViewController.xib */; };
		F290EC3A29179754008E3802 /* ItemViewCell.swift in Sources */ = {isa = PBXBuildFile; fileRef = F290EC3829179754008E3802 /* ItemViewCell.swift */; };
		F290EC3B29179754008E3802 /* ItemViewCell.xib in Resources */ = {isa = PBXBuildFile; fileRef = F290EC3929179754008E3802 /* ItemViewCell.xib */; };
		F29CD89F28FA8D70006E39A1 /* ConfigController.swift in Sources */ = {isa = PBXBuildFile; fileRef = F29CD89D28FA8D70006E39A1 /* ConfigController.swift */; };
		F29CD8A228FA9071006E39A1 /* ConfigStoryboard.storyboard in Resources */ = {isa = PBXBuildFile; fileRef = F29CD8A128FA9071006E39A1 /* ConfigStoryboard.storyboard */; };
		F29EA045292DB05600979463 /* ListAddCell.swift in Sources */ = {isa = PBXBuildFile; fileRef = F29EA043292DB05600979463 /* ListAddCell.swift */; };
		F29EA046292DB05600979463 /* ListAddCell.xib in Resources */ = {isa = PBXBuildFile; fileRef = F29EA044292DB05600979463 /* ListAddCell.xib */; };
		F2A08C8828EAF1AC005977F2 /* AppDelegate.swift in Sources */ = {isa = PBXBuildFile; fileRef = F2A08C8728EAF1AC005977F2 /* AppDelegate.swift */; };
		F2A08C8A28EAF1AC005977F2 /* SceneDelegate.swift in Sources */ = {isa = PBXBuildFile; fileRef = F2A08C8928EAF1AC005977F2 /* SceneDelegate.swift */; };
		F2A08C8F28EAF1AC005977F2 /* Main.storyboard in Resources */ = {isa = PBXBuildFile; fileRef = F2A08C8D28EAF1AC005977F2 /* Main.storyboard */; };
		F2A08C9128EAF1AD005977F2 /* Assets.xcassets in Resources */ = {isa = PBXBuildFile; fileRef = F2A08C9028EAF1AD005977F2 /* Assets.xcassets */; };
		F2A08C9428EAF1AD005977F2 /* LaunchScreen.storyboard in Resources */ = {isa = PBXBuildFile; fileRef = F2A08C9228EAF1AD005977F2 /* LaunchScreen.storyboard */; };
		F2A08CA128EAF43A005977F2 /* ApiItem.swift in Sources */ = {isa = PBXBuildFile; fileRef = F2A08C9C28EAF43A005977F2 /* ApiItem.swift */; };
		F2A08CA228EAF43A005977F2 /* YCHttpAPI.swift in Sources */ = {isa = PBXBuildFile; fileRef = F2A08C9D28EAF43A005977F2 /* YCHttpAPI.swift */; };
		F2A08CA328EAF43A005977F2 /* YCMultipartData.swift in Sources */ = {isa = PBXBuildFile; fileRef = F2A08C9E28EAF43A005977F2 /* YCMultipartData.swift */; };
		F2A08CA428EAF43A005977F2 /* YCNetworking.swift in Sources */ = {isa = PBXBuildFile; fileRef = F2A08C9F28EAF43A005977F2 /* YCNetworking.swift */; };
		F2A08CA528EAF43A005977F2 /* YCNetworkingError.swift in Sources */ = {isa = PBXBuildFile; fileRef = F2A08CA028EAF43A005977F2 /* YCNetworkingError.swift */; };
		F2A08CAA28EAF4E3005977F2 /* BaseNavViewController.swift in Sources */ = {isa = PBXBuildFile; fileRef = F2A08CA728EAF4E3005977F2 /* BaseNavViewController.swift */; };
		F2A08CAB28EAF4E3005977F2 /* BaseViewController.swift in Sources */ = {isa = PBXBuildFile; fileRef = F2A08CA828EAF4E3005977F2 /* BaseViewController.swift */; };
		F2A08CAC28EAF4E3005977F2 /* BaseTabBarViewController.swift in Sources */ = {isa = PBXBuildFile; fileRef = F2A08CA928EAF4E3005977F2 /* BaseTabBarViewController.swift */; };
		F2A08CAE28EAF616005977F2 /* AppCoordinator.swift in Sources */ = {isa = PBXBuildFile; fileRef = F2A08CAD28EAF616005977F2 /* AppCoordinator.swift */; };
		F2A08CB128EAF7F8005977F2 /* DataModel.swift in Sources */ = {isa = PBXBuildFile; fileRef = F2A08CB028EAF7F8005977F2 /* DataModel.swift */; };
		F2A08CB728EB0F90005977F2 /* home.storyboard in Resources */ = {isa = PBXBuildFile; fileRef = F2A08CB528EB0F90005977F2 /* home.storyboard */; };
		F2A08CBB28EB1039005977F2 /* choice.storyboard in Resources */ = {isa = PBXBuildFile; fileRef = F2A08CB928EB1039005977F2 /* choice.storyboard */; };
		F2A08CBE28EB1069005977F2 /* me.storyboard in Resources */ = {isa = PBXBuildFile; fileRef = F2A08CBD28EB1069005977F2 /* me.storyboard */; };
		F2A1E49A292B118000A3E14F /* OptionsCollectionViewCell.swift in Sources */ = {isa = PBXBuildFile; fileRef = F2A1E498292B118000A3E14F /* OptionsCollectionViewCell.swift */; };
		F2A1E49B292B118000A3E14F /* OptionsCollectionViewCell.xib in Resources */ = {isa = PBXBuildFile; fileRef = F2A1E499292B118000A3E14F /* OptionsCollectionViewCell.xib */; };
		F2A1E4A2292B4A2200A3E14F /* ItemFooterCell.swift in Sources */ = {isa = PBXBuildFile; fileRef = F2A1E4A0292B4A2200A3E14F /* ItemFooterCell.swift */; };
		F2A1E4A3292B4A2200A3E14F /* ItemFooterCell.xib in Resources */ = {isa = PBXBuildFile; fileRef = F2A1E4A1292B4A2200A3E14F /* ItemFooterCell.xib */; };
		F2A1E4A7292B552500A3E14F /* ListEditViewController.swift in Sources */ = {isa = PBXBuildFile; fileRef = F2A1E4A5292B552500A3E14F /* ListEditViewController.swift */; };
		F2A1E4A8292B552500A3E14F /* ListEditViewController.xib in Resources */ = {isa = PBXBuildFile; fileRef = F2A1E4A6292B552500A3E14F /* ListEditViewController.xib */; };
		F2A1E4AA292B55A300A3E14F /* ListCoordinator.swift in Sources */ = {isa = PBXBuildFile; fileRef = F2A1E4A9292B55A300A3E14F /* ListCoordinator.swift */; };
		F2AFD600290E1F550038B1D4 /* HomeDataCell.swift in Sources */ = {isa = PBXBuildFile; fileRef = F2AFD5FE290E1F550038B1D4 /* HomeDataCell.swift */; };
		F2AFD601290E1F550038B1D4 /* HomeDataCell.xib in Resources */ = {isa = PBXBuildFile; fileRef = F2AFD5FF290E1F550038B1D4 /* HomeDataCell.xib */; };
		F2AFD604290E57790038B1D4 /* BannerCollectionCell.swift in Sources */ = {isa = PBXBuildFile; fileRef = F2AFD602290E57790038B1D4 /* BannerCollectionCell.swift */; };
		F2AFD605290E57790038B1D4 /* BannerCollectionCell.xib in Resources */ = {isa = PBXBuildFile; fileRef = F2AFD603290E57790038B1D4 /* BannerCollectionCell.xib */; };
		F2AFD608290E5C1A0038B1D4 /* ZBPageControl.swift in Sources */ = {isa = PBXBuildFile; fileRef = F2AFD607290E5C1A0038B1D4 /* ZBPageControl.swift */; };
		F2AFD60A290E65850038B1D4 /* NavSearchView.xib in Resources */ = {isa = PBXBuildFile; fileRef = F2AFD609290E65850038B1D4 /* NavSearchView.xib */; };
		F2AFD60C290E67880038B1D4 /* NavSearchView.swift in Sources */ = {isa = PBXBuildFile; fileRef = F2AFD60B290E67880038B1D4 /* NavSearchView.swift */; };
		F2B6979028F6EBCD00DE7B64 /* MeViewController.swift in Sources */ = {isa = PBXBuildFile; fileRef = F2B6978F28F6EBCD00DE7B64 /* MeViewController.swift */; };
		F2B6979428F6ECD300DE7B64 /* MeHeaderCell.swift in Sources */ = {isa = PBXBuildFile; fileRef = F2B6979228F6ECD300DE7B64 /* MeHeaderCell.swift */; };
		F2B6979528F6ECD300DE7B64 /* MeHeaderCell.xib in Resources */ = {isa = PBXBuildFile; fileRef = F2B6979328F6ECD300DE7B64 /* MeHeaderCell.xib */; };
		F2B6979828F7029000DE7B64 /* MeNormalCell.swift in Sources */ = {isa = PBXBuildFile; fileRef = F2B6979628F7029000DE7B64 /* MeNormalCell.swift */; };
		F2B6979928F7029000DE7B64 /* MeNormalCell.xib in Resources */ = {isa = PBXBuildFile; fileRef = F2B6979728F7029000DE7B64 /* MeNormalCell.xib */; };
		F2B6979C28F702A300DE7B64 /* MeInfoCell.swift in Sources */ = {isa = PBXBuildFile; fileRef = F2B6979A28F702A300DE7B64 /* MeInfoCell.swift */; };
		F2B6979D28F702A300DE7B64 /* MeInfoCell.xib in Resources */ = {isa = PBXBuildFile; fileRef = F2B6979B28F702A300DE7B64 /* MeInfoCell.xib */; };
		F2C1BABD292E46E800FC3AB4 /* ChoiceViewController.swift in Sources */ = {isa = PBXBuildFile; fileRef = F2C1BABC292E46E800FC3AB4 /* ChoiceViewController.swift */; };
		F2CA7E5B28FBD68A0037C4E6 /* MyOrdersController.swift in Sources */ = {isa = PBXBuildFile; fileRef = F2CA7E5A28FBD68A0037C4E6 /* MyOrdersController.swift */; };
		F2CA7E5D28FBD69C0037C4E6 /* MyOrder.storyboard in Resources */ = {isa = PBXBuildFile; fileRef = F2CA7E5C28FBD69C0037C4E6 /* MyOrder.storyboard */; };
		F2CA7E5F28FBDE6D0037C4E6 /* MePurchase.storyboard in Resources */ = {isa = PBXBuildFile; fileRef = F2CA7E5E28FBDE6D0037C4E6 /* MePurchase.storyboard */; };
		F2CA7E6128FBDE860037C4E6 /* MemberPurchaseController.swift in Sources */ = {isa = PBXBuildFile; fileRef = F2CA7E6028FBDE860037C4E6 /* MemberPurchaseController.swift */; };
		F2D6865229333E4100312B2E /* PredictManagerController.swift in Sources */ = {isa = PBXBuildFile; fileRef = F2D6865029333E4100312B2E /* PredictManagerController.swift */; };
		F2D6865329333E4100312B2E /* PredictManagerController.xib in Resources */ = {isa = PBXBuildFile; fileRef = F2D6865129333E4100312B2E /* PredictManagerController.xib */; };
		F2DB509128F5B9AA00985779 /* Shadow.swift in Sources */ = {isa = PBXBuildFile; fileRef = F2DB509028F5B9AA00985779 /* Shadow.swift */; };
		F2E5FAB328F457400051F124 /* BusinessCollectionViewCell.swift in Sources */ = {isa = PBXBuildFile; fileRef = F2E5FAB128F457400051F124 /* BusinessCollectionViewCell.swift */; };
		F2E5FAB428F457400051F124 /* BusinessCollectionViewCell.xib in Resources */ = {isa = PBXBuildFile; fileRef = F2E5FAB228F457400051F124 /* BusinessCollectionViewCell.xib */; };
		F2EE92822931C0F000C73052 /* CategoryViewController.swift in Sources */ = {isa = PBXBuildFile; fileRef = F2EE92802931C0F000C73052 /* CategoryViewController.swift */; };
		F2EE92862931C13300C73052 /* CommodityViewController.swift in Sources */ = {isa = PBXBuildFile; fileRef = F2EE92842931C13300C73052 /* CommodityViewController.swift */; };
		F2EE928A2931D13E00C73052 /* CategoryHeadView.swift in Sources */ = {isa = PBXBuildFile; fileRef = F2EE92892931D13E00C73052 /* CategoryHeadView.swift */; };
		F2EE928C2931D14E00C73052 /* CategoryHeadView.xib in Resources */ = {isa = PBXBuildFile; fileRef = F2EE928B2931D14E00C73052 /* CategoryHeadView.xib */; };
		F2EE928F2931D47D00C73052 /* CategoryCollectionCell.swift in Sources */ = {isa = PBXBuildFile; fileRef = F2EE928D2931D47D00C73052 /* CategoryCollectionCell.swift */; };
		F2EE92902931D47D00C73052 /* CategoryCollectionCell.xib in Resources */ = {isa = PBXBuildFile; fileRef = F2EE928E2931D47D00C73052 /* CategoryCollectionCell.xib */; };
		F2EE92932931F12700C73052 /* CoreDataViewController.swift in Sources */ = {isa = PBXBuildFile; fileRef = F2EE92912931F12700C73052 /* CoreDataViewController.swift */; };
		F2EE92942931F12700C73052 /* CoreDataViewController.xib in Resources */ = {isa = PBXBuildFile; fileRef = F2EE92922931F12700C73052 /* CoreDataViewController.xib */; };
		F2EE92972931F6DF00C73052 /* CoreDataTableCell.swift in Sources */ = {isa = PBXBuildFile; fileRef = F2EE92952931F6DF00C73052 /* CoreDataTableCell.swift */; };
		F2EE92982931F6DF00C73052 /* CoreDataTableCell.xib in Resources */ = {isa = PBXBuildFile; fileRef = F2EE92962931F6DF00C73052 /* CoreDataTableCell.xib */; };
		F2EE929B2931FFA600C73052 /* DataFeedTableCell.swift in Sources */ = {isa = PBXBuildFile; fileRef = F2EE92992931FFA600C73052 /* DataFeedTableCell.swift */; };
		F2EE929C2931FFA600C73052 /* DataFeedTableCell.xib in Resources */ = {isa = PBXBuildFile; fileRef = F2EE929A2931FFA600C73052 /* DataFeedTableCell.xib */; };
		F2EE92A32932018000C73052 /* DataFeedViewController.swift in Sources */ = {isa = PBXBuildFile; fileRef = F2EE92A12932018000C73052 /* DataFeedViewController.swift */; };
		F2EE92A42932018000C73052 /* DataFeedViewController.xib in Resources */ = {isa = PBXBuildFile; fileRef = F2EE92A22932018000C73052 /* DataFeedViewController.xib */; };
		F2EE92A729325A5800C73052 /* RelatedProductController.swift in Sources */ = {isa = PBXBuildFile; fileRef = F2EE92A529325A5800C73052 /* RelatedProductController.swift */; };
		F2EE92A829325A5800C73052 /* RelatedProductController.xib in Resources */ = {isa = PBXBuildFile; fileRef = F2EE92A629325A5800C73052 /* RelatedProductController.xib */; };
		F2EE92AB29325AAC00C73052 /* RelatedProductCell.swift in Sources */ = {isa = PBXBuildFile; fileRef = F2EE92A929325AAC00C73052 /* RelatedProductCell.swift */; };
		F2EE92AC29325AAC00C73052 /* RelatedProductCell.xib in Resources */ = {isa = PBXBuildFile; fileRef = F2EE92AA29325AAC00C73052 /* RelatedProductCell.xib */; };
		F2F46CFC28F1A0D600A5A203 /* HotGoodsCell.swift in Sources */ = {isa = PBXBuildFile; fileRef = F2F46CFA28F1A0D500A5A203 /* HotGoodsCell.swift */; };
		F2F46CFD28F1A0D600A5A203 /* HotGoodsCell.xib in Resources */ = {isa = PBXBuildFile; fileRef = F2F46CFB28F1A0D600A5A203 /* HotGoodsCell.xib */; };
		F2F46D0028F1A12C00A5A203 /* HotBusinessCell.swift in Sources */ = {isa = PBXBuildFile; fileRef = F2F46CFE28F1A12C00A5A203 /* HotBusinessCell.swift */; };
		F2F46D0128F1A12C00A5A203 /* HotBusinessCell.xib in Resources */ = {isa = PBXBuildFile; fileRef = F2F46CFF28F1A12C00A5A203 /* HotBusinessCell.xib */; };
		F2F46D0428F1A17B00A5A203 /* HomeBannerCell.swift in Sources */ = {isa = PBXBuildFile; fileRef = F2F46D0228F1A17B00A5A203 /* HomeBannerCell.swift */; };
		F2F46D0528F1A17B00A5A203 /* HomeBannerCell.xib in Resources */ = {isa = PBXBuildFile; fileRef = F2F46D0328F1A17B00A5A203 /* HomeBannerCell.xib */; };
		F2F46D0728F1A30F00A5A203 /* HomeController.swift in Sources */ = {isa = PBXBuildFile; fileRef = F2F46D0628F1A30F00A5A203 /* HomeController.swift */; };
/* End PBXBuildFile section */

/* Begin PBXFileReference section */
		154CBB8BC57042FC9D303DDF /* Pods-zebra-look.debug.xcconfig */ = {isa = PBXFileReference; includeInIndex = 1; lastKnownFileType = text.xcconfig; name = "Pods-zebra-look.debug.xcconfig"; path = "Target Support Files/Pods-zebra-look/Pods-zebra-look.debug.xcconfig"; sourceTree = "<group>"; };
		DA8D8816A0C28049454DDA03 /* Pods-zebra-look.release.xcconfig */ = {isa = PBXFileReference; includeInIndex = 1; lastKnownFileType = text.xcconfig; name = "Pods-zebra-look.release.xcconfig"; path = "Target Support Files/Pods-zebra-look/Pods-zebra-look.release.xcconfig"; sourceTree = "<group>"; };
		E2411C3E8E456DA71A4E01EA /* Pods_zebra_look.framework */ = {isa = PBXFileReference; explicitFileType = wrapper.framework; includeInIndex = 0; path = Pods_zebra_look.framework; sourceTree = BUILT_PRODUCTS_DIR; };
		F205EABE292A2AF40022ABDA /* ListTableHeaderView.xib */ = {isa = PBXFileReference; lastKnownFileType = file.xib; path = ListTableHeaderView.xib; sourceTree = "<group>"; };
		F205EAC0292A2B220022ABDA /* ListTableHeaderView.swift */ = {isa = PBXFileReference; lastKnownFileType = sourcecode.swift; path = ListTableHeaderView.swift; sourceTree = "<group>"; };
		F205EAC2292A40120022ABDA /* ListTableSectionHeaderView.swift */ = {isa = PBXFileReference; lastKnownFileType = sourcecode.swift; path = ListTableSectionHeaderView.swift; sourceTree = "<group>"; };
		F205EAC4292A40220022ABDA /* ListTableSectionHeaderView.xib */ = {isa = PBXFileReference; lastKnownFileType = file.xib; path = ListTableSectionHeaderView.xib; sourceTree = "<group>"; };
		F206C90829164F0A003BD885 /* Base */ = {isa = PBXFileReference; lastKnownFileType = file.storyboard; name = Base; path = "zebra-look/Base.lproj/list.storyboard"; sourceTree = SOURCE_ROOT; };
		F21CEBBD28FBB4E500AE2396 /* AboutController.swift */ = {isa = PBXFileReference; lastKnownFileType = sourcecode.swift; path = AboutController.swift; sourceTree = "<group>"; };
		F21CEBBF28FBCB5A00AE2396 /* MeModify.storyboard */ = {isa = PBXFileReference; lastKnownFileType = file.storyboard; path = MeModify.storyboard; sourceTree = "<group>"; };
		F21CEBC128FBCE9A00AE2396 /* MeModifyController.swift */ = {isa = PBXFileReference; lastKnownFileType = sourcecode.swift; path = MeModifyController.swift; sourceTree = "<group>"; };
		F226C853292CF35D006CC998 /* ListAddViewController.swift */ = {isa = PBXFileReference; lastKnownFileType = sourcecode.swift; path = ListAddViewController.swift; sourceTree = "<group>"; };
		F226C854292CF35D006CC998 /* ListAddViewController.xib */ = {isa = PBXFileReference; lastKnownFileType = file.xib; path = ListAddViewController.xib; sourceTree = "<group>"; };
		F228183F28EC2F430080AF18 /* MeCoordinator.swift */ = {isa = PBXFileReference; lastKnownFileType = sourcecode.swift; path = MeCoordinator.swift; sourceTree = "<group>"; };
		F228184128EC300C0080AF18 /* ChoiceCoordinator.swift */ = {isa = PBXFileReference; lastKnownFileType = sourcecode.swift; path = ChoiceCoordinator.swift; sourceTree = "<group>"; };
		F228184328EC304D0080AF18 /* HomeCoordinator.swift */ = {isa = PBXFileReference; lastKnownFileType = sourcecode.swift; path = HomeCoordinator.swift; sourceTree = "<group>"; };
		F243556428F8299C00E59604 /* OurInfoController.swift */ = {isa = PBXFileReference; lastKnownFileType = sourcecode.swift; path = OurInfoController.swift; sourceTree = "<group>"; };
		F243556528F8299C00E59604 /* OurInfoController.xib */ = {isa = PBXFileReference; lastKnownFileType = file.xib; path = OurInfoController.xib; sourceTree = "<group>"; };
		F24BC65028F2F9D500F51930 /* HotCollectionCell.swift */ = {isa = PBXFileReference; lastKnownFileType = sourcecode.swift; path = HotCollectionCell.swift; sourceTree = "<group>"; };
		F24BC65128F2F9D500F51930 /* HotCollectionCell.xib */ = {isa = PBXFileReference; lastKnownFileType = file.xib; path = HotCollectionCell.xib; sourceTree = "<group>"; };
		F24F41FF292EFFDE000EA13A /* ChoiceItemCell.swift */ = {isa = PBXFileReference; lastKnownFileType = sourcecode.swift; path = ChoiceItemCell.swift; sourceTree = "<group>"; };
		F24F4200292EFFDE000EA13A /* ChoiceItemCell.xib */ = {isa = PBXFileReference; lastKnownFileType = file.xib; path = ChoiceItemCell.xib; sourceTree = "<group>"; };
		F24F4203292F079C000EA13A /* ChoiceCollectionHeaderView.swift */ = {isa = PBXFileReference; lastKnownFileType = sourcecode.swift; path = ChoiceCollectionHeaderView.swift; sourceTree = "<group>"; };
		F24F4204292F079C000EA13A /* ChoiceCollectionHeaderView.xib */ = {isa = PBXFileReference; lastKnownFileType = file.xib; path = ChoiceCollectionHeaderView.xib; sourceTree = "<group>"; };
		F24F4207292F1ABB000EA13A /* ReadHotDataViewController.swift */ = {isa = PBXFileReference; lastKnownFileType = sourcecode.swift; path = ReadHotDataViewController.swift; sourceTree = "<group>"; };
		F24F4208292F1ABB000EA13A /* ReadHotDataViewController.xib */ = {isa = PBXFileReference; lastKnownFileType = file.xib; path = ReadHotDataViewController.xib; sourceTree = "<group>"; };
		F24F420B292F1F39000EA13A /* HotDataTitleCell.swift */ = {isa = PBXFileReference; lastKnownFileType = sourcecode.swift; path = HotDataTitleCell.swift; sourceTree = "<group>"; };
		F24F420C292F1F39000EA13A /* HotDataTitleCell.xib */ = {isa = PBXFileReference; lastKnownFileType = file.xib; path = HotDataTitleCell.xib; sourceTree = "<group>"; };
		F24F420F292F3850000EA13A /* HotDataBottomCell.swift */ = {isa = PBXFileReference; lastKnownFileType = sourcecode.swift; path = HotDataBottomCell.swift; sourceTree = "<group>"; };
		F24F4210292F3850000EA13A /* HotDataBottomCell.xib */ = {isa = PBXFileReference; lastKnownFileType = file.xib; path = HotDataBottomCell.xib; sourceTree = "<group>"; };
		F24F4213292F3FA1000EA13A /* HotDataTagCell.swift */ = {isa = PBXFileReference; lastKnownFileType = sourcecode.swift; path = HotDataTagCell.swift; sourceTree = "<group>"; };
		F24F4214292F3FA1000EA13A /* HotDataTagCell.xib */ = {isa = PBXFileReference; lastKnownFileType = file.xib; path = HotDataTagCell.xib; sourceTree = "<group>"; };
		F24F4217292F489C000EA13A /* HotDataTextCell.swift */ = {isa = PBXFileReference; lastKnownFileType = sourcecode.swift; path = HotDataTextCell.swift; sourceTree = "<group>"; };
		F24F4218292F489C000EA13A /* HotDataTextCell.xib */ = {isa = PBXFileReference; lastKnownFileType = file.xib; path = HotDataTextCell.xib; sourceTree = "<group>"; };
		F24F421B292F48B3000EA13A /* HotDataMediaCell.swift */ = {isa = PBXFileReference; lastKnownFileType = sourcecode.swift; path = HotDataMediaCell.swift; sourceTree = "<group>"; };
		F24F421C292F48B3000EA13A /* HotDataMediaCell.xib */ = {isa = PBXFileReference; lastKnownFileType = file.xib; path = HotDataMediaCell.xib; sourceTree = "<group>"; };
		F2549CA7293C83F50026F774 /* AllPredictDataSource.swift */ = {isa = PBXFileReference; lastKnownFileType = sourcecode.swift; path = AllPredictDataSource.swift; sourceTree = "<group>"; };
		F2549CA9293CA8140026F774 /* DoingDataSource.swift */ = {isa = PBXFileReference; lastKnownFileType = sourcecode.swift; path = DoingDataSource.swift; sourceTree = "<group>"; };
		F27173E4292C95E50009A7FB /* UIView+Extension.swift */ = {isa = PBXFileReference; lastKnownFileType = sourcecode.swift; path = "UIView+Extension.swift"; sourceTree = "<group>"; };
		F2779F38292BB6170011BAD1 /* ListEditCell.swift */ = {isa = PBXFileReference; lastKnownFileType = sourcecode.swift; path = ListEditCell.swift; sourceTree = "<group>"; };
		F2779F39292BB6170011BAD1 /* ListEditCell.xib */ = {isa = PBXFileReference; lastKnownFileType = file.xib; path = ListEditCell.xib; sourceTree = "<group>"; };
		F290EC3129166050008E3802 /* ListViewController.swift */ = {isa = PBXFileReference; lastKnownFileType = sourcecode.swift; path = ListViewController.swift; sourceTree = "<group>"; };
		F290EC33291796AF008E3802 /* ItemViewController.swift */ = {isa = PBXFileReference; lastKnownFileType = sourcecode.swift; path = ItemViewController.swift; sourceTree = "<group>"; };
		F290EC34291796AF008E3802 /* ItemViewController.xib */ = {isa = PBXFileReference; lastKnownFileType = file.xib; path = ItemViewController.xib; sourceTree = "<group>"; };
		F290EC3829179754008E3802 /* ItemViewCell.swift */ = {isa = PBXFileReference; lastKnownFileType = sourcecode.swift; path = ItemViewCell.swift; sourceTree = "<group>"; };
		F290EC3929179754008E3802 /* ItemViewCell.xib */ = {isa = PBXFileReference; lastKnownFileType = file.xib; path = ItemViewCell.xib; sourceTree = "<group>"; };
		F29CD89D28FA8D70006E39A1 /* ConfigController.swift */ = {isa = PBXFileReference; lastKnownFileType = sourcecode.swift; path = ConfigController.swift; sourceTree = "<group>"; };
		F29CD8A128FA9071006E39A1 /* ConfigStoryboard.storyboard */ = {isa = PBXFileReference; lastKnownFileType = file.storyboard; path = ConfigStoryboard.storyboard; sourceTree = "<group>"; };
		F29EA043292DB05600979463 /* ListAddCell.swift */ = {isa = PBXFileReference; lastKnownFileType = sourcecode.swift; path = ListAddCell.swift; sourceTree = "<group>"; };
		F29EA044292DB05600979463 /* ListAddCell.xib */ = {isa = PBXFileReference; lastKnownFileType = file.xib; path = ListAddCell.xib; sourceTree = "<group>"; };
		F2A08C8428EAF1AC005977F2 /* zebra-look.app */ = {isa = PBXFileReference; explicitFileType = wrapper.application; includeInIndex = 0; path = "zebra-look.app"; sourceTree = BUILT_PRODUCTS_DIR; };
		F2A08C8728EAF1AC005977F2 /* AppDelegate.swift */ = {isa = PBXFileReference; lastKnownFileType = sourcecode.swift; path = AppDelegate.swift; sourceTree = "<group>"; };
		F2A08C8928EAF1AC005977F2 /* SceneDelegate.swift */ = {isa = PBXFileReference; lastKnownFileType = sourcecode.swift; path = SceneDelegate.swift; sourceTree = "<group>"; };
		F2A08C8E28EAF1AC005977F2 /* Base */ = {isa = PBXFileReference; lastKnownFileType = file.storyboard; name = Base; path = Base.lproj/Main.storyboard; sourceTree = "<group>"; };
		F2A08C9028EAF1AD005977F2 /* Assets.xcassets */ = {isa = PBXFileReference; lastKnownFileType = folder.assetcatalog; path = Assets.xcassets; sourceTree = "<group>"; };
		F2A08C9328EAF1AD005977F2 /* Base */ = {isa = PBXFileReference; lastKnownFileType = file.storyboard; name = Base; path = Base.lproj/LaunchScreen.storyboard; sourceTree = "<group>"; };
		F2A08C9528EAF1AD005977F2 /* Info.plist */ = {isa = PBXFileReference; lastKnownFileType = text.plist.xml; path = Info.plist; sourceTree = "<group>"; };
		F2A08C9C28EAF43A005977F2 /* ApiItem.swift */ = {isa = PBXFileReference; fileEncoding = 4; lastKnownFileType = sourcecode.swift; path = ApiItem.swift; sourceTree = "<group>"; };
		F2A08C9D28EAF43A005977F2 /* YCHttpAPI.swift */ = {isa = PBXFileReference; fileEncoding = 4; lastKnownFileType = sourcecode.swift; path = YCHttpAPI.swift; sourceTree = "<group>"; };
		F2A08C9E28EAF43A005977F2 /* YCMultipartData.swift */ = {isa = PBXFileReference; fileEncoding = 4; lastKnownFileType = sourcecode.swift; path = YCMultipartData.swift; sourceTree = "<group>"; };
		F2A08C9F28EAF43A005977F2 /* YCNetworking.swift */ = {isa = PBXFileReference; fileEncoding = 4; lastKnownFileType = sourcecode.swift; path = YCNetworking.swift; sourceTree = "<group>"; };
		F2A08CA028EAF43A005977F2 /* YCNetworkingError.swift */ = {isa = PBXFileReference; fileEncoding = 4; lastKnownFileType = sourcecode.swift; path = YCNetworkingError.swift; sourceTree = "<group>"; };
		F2A08CA728EAF4E3005977F2 /* BaseNavViewController.swift */ = {isa = PBXFileReference; fileEncoding = 4; lastKnownFileType = sourcecode.swift; path = BaseNavViewController.swift; sourceTree = "<group>"; };
		F2A08CA828EAF4E3005977F2 /* BaseViewController.swift */ = {isa = PBXFileReference; fileEncoding = 4; lastKnownFileType = sourcecode.swift; path = BaseViewController.swift; sourceTree = "<group>"; };
		F2A08CA928EAF4E3005977F2 /* BaseTabBarViewController.swift */ = {isa = PBXFileReference; fileEncoding = 4; lastKnownFileType = sourcecode.swift; path = BaseTabBarViewController.swift; sourceTree = "<group>"; };
		F2A08CAD28EAF616005977F2 /* AppCoordinator.swift */ = {isa = PBXFileReference; fileEncoding = 4; lastKnownFileType = sourcecode.swift; path = AppCoordinator.swift; sourceTree = "<group>"; };
		F2A08CB028EAF7F8005977F2 /* DataModel.swift */ = {isa = PBXFileReference; fileEncoding = 4; lastKnownFileType = sourcecode.swift; path = DataModel.swift; sourceTree = "<group>"; };
		F2A08CB628EB0F90005977F2 /* Base */ = {isa = PBXFileReference; lastKnownFileType = file.storyboard; name = Base; path = "zebra-look/Base.lproj/home.storyboard"; sourceTree = SOURCE_ROOT; };
		F2A08CBA28EB1039005977F2 /* Base */ = {isa = PBXFileReference; lastKnownFileType = file.storyboard; name = Base; path = "zebra-look/Base.lproj/choice.storyboard"; sourceTree = SOURCE_ROOT; };
		F2A08CBD28EB1069005977F2 /* me.storyboard */ = {isa = PBXFileReference; fileEncoding = 4; lastKnownFileType = file.storyboard; path = me.storyboard; sourceTree = SOURCE_ROOT; };
		F2A1E498292B118000A3E14F /* OptionsCollectionViewCell.swift */ = {isa = PBXFileReference; lastKnownFileType = sourcecode.swift; path = OptionsCollectionViewCell.swift; sourceTree = "<group>"; };
		F2A1E499292B118000A3E14F /* OptionsCollectionViewCell.xib */ = {isa = PBXFileReference; lastKnownFileType = file.xib; path = OptionsCollectionViewCell.xib; sourceTree = "<group>"; };
		F2A1E4A0292B4A2200A3E14F /* ItemFooterCell.swift */ = {isa = PBXFileReference; lastKnownFileType = sourcecode.swift; path = ItemFooterCell.swift; sourceTree = "<group>"; };
		F2A1E4A1292B4A2200A3E14F /* ItemFooterCell.xib */ = {isa = PBXFileReference; lastKnownFileType = file.xib; path = ItemFooterCell.xib; sourceTree = "<group>"; };
		F2A1E4A5292B552500A3E14F /* ListEditViewController.swift */ = {isa = PBXFileReference; lastKnownFileType = sourcecode.swift; path = ListEditViewController.swift; sourceTree = "<group>"; };
		F2A1E4A6292B552500A3E14F /* ListEditViewController.xib */ = {isa = PBXFileReference; lastKnownFileType = file.xib; path = ListEditViewController.xib; sourceTree = "<group>"; };
		F2A1E4A9292B55A300A3E14F /* ListCoordinator.swift */ = {isa = PBXFileReference; lastKnownFileType = sourcecode.swift; path = ListCoordinator.swift; sourceTree = "<group>"; };
		F2AFD5FE290E1F550038B1D4 /* HomeDataCell.swift */ = {isa = PBXFileReference; lastKnownFileType = sourcecode.swift; path = HomeDataCell.swift; sourceTree = "<group>"; };
		F2AFD5FF290E1F550038B1D4 /* HomeDataCell.xib */ = {isa = PBXFileReference; lastKnownFileType = file.xib; path = HomeDataCell.xib; sourceTree = "<group>"; };
		F2AFD602290E57790038B1D4 /* BannerCollectionCell.swift */ = {isa = PBXFileReference; lastKnownFileType = sourcecode.swift; path = BannerCollectionCell.swift; sourceTree = "<group>"; };
		F2AFD603290E57790038B1D4 /* BannerCollectionCell.xib */ = {isa = PBXFileReference; lastKnownFileType = file.xib; path = BannerCollectionCell.xib; sourceTree = "<group>"; };
		F2AFD607290E5C1A0038B1D4 /* ZBPageControl.swift */ = {isa = PBXFileReference; lastKnownFileType = sourcecode.swift; path = ZBPageControl.swift; sourceTree = "<group>"; };
		F2AFD609290E65850038B1D4 /* NavSearchView.xib */ = {isa = PBXFileReference; lastKnownFileType = file.xib; path = NavSearchView.xib; sourceTree = "<group>"; };
		F2AFD60B290E67880038B1D4 /* NavSearchView.swift */ = {isa = PBXFileReference; lastKnownFileType = sourcecode.swift; path = NavSearchView.swift; sourceTree = "<group>"; };
		F2B6978F28F6EBCD00DE7B64 /* MeViewController.swift */ = {isa = PBXFileReference; lastKnownFileType = sourcecode.swift; path = MeViewController.swift; sourceTree = "<group>"; };
		F2B6979228F6ECD300DE7B64 /* MeHeaderCell.swift */ = {isa = PBXFileReference; lastKnownFileType = sourcecode.swift; path = MeHeaderCell.swift; sourceTree = "<group>"; };
		F2B6979328F6ECD300DE7B64 /* MeHeaderCell.xib */ = {isa = PBXFileReference; lastKnownFileType = file.xib; path = MeHeaderCell.xib; sourceTree = "<group>"; };
		F2B6979628F7029000DE7B64 /* MeNormalCell.swift */ = {isa = PBXFileReference; lastKnownFileType = sourcecode.swift; path = MeNormalCell.swift; sourceTree = "<group>"; };
		F2B6979728F7029000DE7B64 /* MeNormalCell.xib */ = {isa = PBXFileReference; lastKnownFileType = file.xib; path = MeNormalCell.xib; sourceTree = "<group>"; };
		F2B6979A28F702A300DE7B64 /* MeInfoCell.swift */ = {isa = PBXFileReference; lastKnownFileType = sourcecode.swift; path = MeInfoCell.swift; sourceTree = "<group>"; };
		F2B6979B28F702A300DE7B64 /* MeInfoCell.xib */ = {isa = PBXFileReference; lastKnownFileType = file.xib; path = MeInfoCell.xib; sourceTree = "<group>"; };
		F2C1BABC292E46E800FC3AB4 /* ChoiceViewController.swift */ = {isa = PBXFileReference; lastKnownFileType = sourcecode.swift; path = ChoiceViewController.swift; sourceTree = "<group>"; };
		F2CA7E5A28FBD68A0037C4E6 /* MyOrdersController.swift */ = {isa = PBXFileReference; lastKnownFileType = sourcecode.swift; path = MyOrdersController.swift; sourceTree = "<group>"; };
		F2CA7E5C28FBD69C0037C4E6 /* MyOrder.storyboard */ = {isa = PBXFileReference; lastKnownFileType = file.storyboard; path = MyOrder.storyboard; sourceTree = "<group>"; };
		F2CA7E5E28FBDE6D0037C4E6 /* MePurchase.storyboard */ = {isa = PBXFileReference; lastKnownFileType = file.storyboard; path = MePurchase.storyboard; sourceTree = "<group>"; };
		F2CA7E6028FBDE860037C4E6 /* MemberPurchaseController.swift */ = {isa = PBXFileReference; lastKnownFileType = sourcecode.swift; path = MemberPurchaseController.swift; sourceTree = "<group>"; };
		F2D6865029333E4100312B2E /* PredictManagerController.swift */ = {isa = PBXFileReference; lastKnownFileType = sourcecode.swift; path = PredictManagerController.swift; sourceTree = "<group>"; };
		F2D6865129333E4100312B2E /* PredictManagerController.xib */ = {isa = PBXFileReference; lastKnownFileType = file.xib; path = PredictManagerController.xib; sourceTree = "<group>"; };
		F2DB509028F5B9AA00985779 /* Shadow.swift */ = {isa = PBXFileReference; lastKnownFileType = sourcecode.swift; path = Shadow.swift; sourceTree = "<group>"; };
		F2E5FAB128F457400051F124 /* BusinessCollectionViewCell.swift */ = {isa = PBXFileReference; lastKnownFileType = sourcecode.swift; path = BusinessCollectionViewCell.swift; sourceTree = "<group>"; };
		F2E5FAB228F457400051F124 /* BusinessCollectionViewCell.xib */ = {isa = PBXFileReference; lastKnownFileType = file.xib; path = BusinessCollectionViewCell.xib; sourceTree = "<group>"; };
		F2EE92802931C0F000C73052 /* CategoryViewController.swift */ = {isa = PBXFileReference; lastKnownFileType = sourcecode.swift; path = CategoryViewController.swift; sourceTree = "<group>"; };
		F2EE92842931C13300C73052 /* CommodityViewController.swift */ = {isa = PBXFileReference; lastKnownFileType = sourcecode.swift; path = CommodityViewController.swift; sourceTree = "<group>"; };
		F2EE92892931D13E00C73052 /* CategoryHeadView.swift */ = {isa = PBXFileReference; lastKnownFileType = sourcecode.swift; path = CategoryHeadView.swift; sourceTree = "<group>"; };
		F2EE928B2931D14E00C73052 /* CategoryHeadView.xib */ = {isa = PBXFileReference; lastKnownFileType = file.xib; path = CategoryHeadView.xib; sourceTree = "<group>"; };
		F2EE928D2931D47D00C73052 /* CategoryCollectionCell.swift */ = {isa = PBXFileReference; lastKnownFileType = sourcecode.swift; path = CategoryCollectionCell.swift; sourceTree = "<group>"; };
		F2EE928E2931D47D00C73052 /* CategoryCollectionCell.xib */ = {isa = PBXFileReference; lastKnownFileType = file.xib; path = CategoryCollectionCell.xib; sourceTree = "<group>"; };
		F2EE92912931F12700C73052 /* CoreDataViewController.swift */ = {isa = PBXFileReference; lastKnownFileType = sourcecode.swift; path = CoreDataViewController.swift; sourceTree = "<group>"; };
		F2EE92922931F12700C73052 /* CoreDataViewController.xib */ = {isa = PBXFileReference; lastKnownFileType = file.xib; path = CoreDataViewController.xib; sourceTree = "<group>"; };
		F2EE92952931F6DF00C73052 /* CoreDataTableCell.swift */ = {isa = PBXFileReference; lastKnownFileType = sourcecode.swift; path = CoreDataTableCell.swift; sourceTree = "<group>"; };
		F2EE92962931F6DF00C73052 /* CoreDataTableCell.xib */ = {isa = PBXFileReference; lastKnownFileType = file.xib; path = CoreDataTableCell.xib; sourceTree = "<group>"; };
		F2EE92992931FFA600C73052 /* DataFeedTableCell.swift */ = {isa = PBXFileReference; lastKnownFileType = sourcecode.swift; path = DataFeedTableCell.swift; sourceTree = "<group>"; };
		F2EE929A2931FFA600C73052 /* DataFeedTableCell.xib */ = {isa = PBXFileReference; lastKnownFileType = file.xib; path = DataFeedTableCell.xib; sourceTree = "<group>"; };
		F2EE92A12932018000C73052 /* DataFeedViewController.swift */ = {isa = PBXFileReference; lastKnownFileType = sourcecode.swift; path = DataFeedViewController.swift; sourceTree = "<group>"; };
		F2EE92A22932018000C73052 /* DataFeedViewController.xib */ = {isa = PBXFileReference; lastKnownFileType = file.xib; path = DataFeedViewController.xib; sourceTree = "<group>"; };
		F2EE92A529325A5800C73052 /* RelatedProductController.swift */ = {isa = PBXFileReference; lastKnownFileType = sourcecode.swift; path = RelatedProductController.swift; sourceTree = "<group>"; };
		F2EE92A629325A5800C73052 /* RelatedProductController.xib */ = {isa = PBXFileReference; lastKnownFileType = file.xib; path = RelatedProductController.xib; sourceTree = "<group>"; };
		F2EE92A929325AAC00C73052 /* RelatedProductCell.swift */ = {isa = PBXFileReference; lastKnownFileType = sourcecode.swift; path = RelatedProductCell.swift; sourceTree = "<group>"; };
		F2EE92AA29325AAC00C73052 /* RelatedProductCell.xib */ = {isa = PBXFileReference; lastKnownFileType = file.xib; path = RelatedProductCell.xib; sourceTree = "<group>"; };
		F2F46CFA28F1A0D500A5A203 /* HotGoodsCell.swift */ = {isa = PBXFileReference; lastKnownFileType = sourcecode.swift; path = HotGoodsCell.swift; sourceTree = "<group>"; };
		F2F46CFB28F1A0D600A5A203 /* HotGoodsCell.xib */ = {isa = PBXFileReference; lastKnownFileType = file.xib; path = HotGoodsCell.xib; sourceTree = "<group>"; };
		F2F46CFE28F1A12C00A5A203 /* HotBusinessCell.swift */ = {isa = PBXFileReference; lastKnownFileType = sourcecode.swift; path = HotBusinessCell.swift; sourceTree = "<group>"; };
		F2F46CFF28F1A12C00A5A203 /* HotBusinessCell.xib */ = {isa = PBXFileReference; lastKnownFileType = file.xib; path = HotBusinessCell.xib; sourceTree = "<group>"; };
		F2F46D0228F1A17B00A5A203 /* HomeBannerCell.swift */ = {isa = PBXFileReference; lastKnownFileType = sourcecode.swift; path = HomeBannerCell.swift; sourceTree = "<group>"; };
		F2F46D0328F1A17B00A5A203 /* HomeBannerCell.xib */ = {isa = PBXFileReference; lastKnownFileType = file.xib; path = HomeBannerCell.xib; sourceTree = "<group>"; };
		F2F46D0628F1A30F00A5A203 /* HomeController.swift */ = {isa = PBXFileReference; lastKnownFileType = sourcecode.swift; path = HomeController.swift; sourceTree = "<group>"; };
/* End PBXFileReference section */

/* Begin PBXFrameworksBuildPhase section */
		F2A08C8128EAF1AC005977F2 /* Frameworks */ = {
			isa = PBXFrameworksBuildPhase;
			buildActionMask = 2147483647;
			files = (
				BC84C528C0988D3F0779B0E1 /* Pods_zebra_look.framework in Frameworks */,
			);
			runOnlyForDeploymentPostprocessing = 0;
		};
/* End PBXFrameworksBuildPhase section */

/* Begin PBXGroup section */
		072756CCDCE66E945347561B /* Frameworks */ = {
			isa = PBXGroup;
			children = (
				E2411C3E8E456DA71A4E01EA /* Pods_zebra_look.framework */,
			);
			name = Frameworks;
			sourceTree = "<group>";
		};
		2DF2E0A85DAF9D434D5F992C /* Pods */ = {
			isa = PBXGroup;
			children = (
				154CBB8BC57042FC9D303DDF /* Pods-zebra-look.debug.xcconfig */,
				DA8D8816A0C28049454DDA03 /* Pods-zebra-look.release.xcconfig */,
			);
			path = Pods;
			sourceTree = "<group>";
		};
		F206C90629164E51003BD885 /* List */ = {
			isa = PBXGroup;
			children = (
				F2A1E4A4292B54F300A3E14F /* subControllers */,
				F290EC3729179734008E3802 /* views */,
				F206C90729164F0A003BD885 /* list.storyboard */,
				F2A1E4A9292B55A300A3E14F /* ListCoordinator.swift */,
				F290EC3129166050008E3802 /* ListViewController.swift */,
				F290EC33291796AF008E3802 /* ItemViewController.swift */,
				F290EC34291796AF008E3802 /* ItemViewController.xib */,
			);
			path = List;
			sourceTree = "<group>";
		};
		F228183E28EC2E5F0080AF18 /* Login */ = {
			isa = PBXGroup;
			children = (
			);
			path = Login;
			sourceTree = "<group>";
		};
		F243556328F8294E00E59604 /* Controllers */ = {
			isa = PBXGroup;
			children = (
				F243556428F8299C00E59604 /* OurInfoController.swift */,
				F243556528F8299C00E59604 /* OurInfoController.xib */,
				F29CD89D28FA8D70006E39A1 /* ConfigController.swift */,
				F29CD8A128FA9071006E39A1 /* ConfigStoryboard.storyboard */,
				F21CEBBD28FBB4E500AE2396 /* AboutController.swift */,
				F21CEBBF28FBCB5A00AE2396 /* MeModify.storyboard */,
				F21CEBC128FBCE9A00AE2396 /* MeModifyController.swift */,
				F2CA7E5C28FBD69C0037C4E6 /* MyOrder.storyboard */,
				F2CA7E5A28FBD68A0037C4E6 /* MyOrdersController.swift */,
				F2CA7E5E28FBDE6D0037C4E6 /* MePurchase.storyboard */,
				F2CA7E6028FBDE860037C4E6 /* MemberPurchaseController.swift */,
			);
			path = Controllers;
			sourceTree = "<group>";
		};
		F2549CA6293C83980026F774 /* DataSources */ = {
			isa = PBXGroup;
			children = (
				F2549CA9293CA8140026F774 /* DoingDataSource.swift */,
				F2549CA7293C83F50026F774 /* AllPredictDataSource.swift */,
			);
			path = DataSources;
			sourceTree = "<group>";
		};
		F290EC3729179734008E3802 /* views */ = {
			isa = PBXGroup;
			children = (
				F2A1E4A0292B4A2200A3E14F /* ItemFooterCell.swift */,
				F2A1E4A1292B4A2200A3E14F /* ItemFooterCell.xib */,
				F290EC3829179754008E3802 /* ItemViewCell.swift */,
				F290EC3929179754008E3802 /* ItemViewCell.xib */,
				F205EABE292A2AF40022ABDA /* ListTableHeaderView.xib */,
				F205EAC0292A2B220022ABDA /* ListTableHeaderView.swift */,
				F205EAC2292A40120022ABDA /* ListTableSectionHeaderView.swift */,
				F205EAC4292A40220022ABDA /* ListTableSectionHeaderView.xib */,
				F2A1E498292B118000A3E14F /* OptionsCollectionViewCell.swift */,
				F2A1E499292B118000A3E14F /* OptionsCollectionViewCell.xib */,
				F2779F38292BB6170011BAD1 /* ListEditCell.swift */,
				F2779F39292BB6170011BAD1 /* ListEditCell.xib */,
				F29EA043292DB05600979463 /* ListAddCell.swift */,
				F29EA044292DB05600979463 /* ListAddCell.xib */,
			);
			path = views;
			sourceTree = "<group>";
		};
		F2A08C7B28EAF1AC005977F2 = {
			isa = PBXGroup;
			children = (
				F2A08C8628EAF1AC005977F2 /* zebra-look */,
				F2A08C8528EAF1AC005977F2 /* Products */,
				2DF2E0A85DAF9D434D5F992C /* Pods */,
				072756CCDCE66E945347561B /* Frameworks */,
			);
			sourceTree = "<group>";
		};
		F2A08C8528EAF1AC005977F2 /* Products */ = {
			isa = PBXGroup;
			children = (
				F2A08C8428EAF1AC005977F2 /* zebra-look.app */,
			);
			name = Products;
			sourceTree = "<group>";
		};
		F2A08C8628EAF1AC005977F2 /* zebra-look */ = {
			isa = PBXGroup;
			children = (
				F206C90629164E51003BD885 /* List */,
				F228183E28EC2E5F0080AF18 /* Login */,
				F2A08CBC28EB1040005977F2 /* Me */,
				F2A08CB828EB1015005977F2 /* SelfChoice */,
				F2A08CB228EAFED6005977F2 /* Home */,
				F2A08CAF28EAF7DD005977F2 /* Models */,
				F2A08CA628EAF4E3005977F2 /* BaseController */,
				F2A08C9B28EAF43A005977F2 /* Http */,
				F2A08C8728EAF1AC005977F2 /* AppDelegate.swift */,
				F2A08CAD28EAF616005977F2 /* AppCoordinator.swift */,
				F2A08C8928EAF1AC005977F2 /* SceneDelegate.swift */,
				F2A08C8D28EAF1AC005977F2 /* Main.storyboard */,
				F2A08C9028EAF1AD005977F2 /* Assets.xcassets */,
				F2A08C9228EAF1AD005977F2 /* LaunchScreen.storyboard */,
				F2A08C9528EAF1AD005977F2 /* Info.plist */,
			);
			path = "zebra-look";
			sourceTree = "<group>";
		};
		F2A08C9B28EAF43A005977F2 /* Http */ = {
			isa = PBXGroup;
			children = (
				F2A08C9C28EAF43A005977F2 /* ApiItem.swift */,
				F2A08C9D28EAF43A005977F2 /* YCHttpAPI.swift */,
				F2A08C9E28EAF43A005977F2 /* YCMultipartData.swift */,
				F2A08C9F28EAF43A005977F2 /* YCNetworking.swift */,
				F2A08CA028EAF43A005977F2 /* YCNetworkingError.swift */,
			);
			path = Http;
			sourceTree = "<group>";
		};
		F2A08CA628EAF4E3005977F2 /* BaseController */ = {
			isa = PBXGroup;
			children = (
				F2A08CA728EAF4E3005977F2 /* BaseNavViewController.swift */,
				F2A08CA828EAF4E3005977F2 /* BaseViewController.swift */,
				F2A08CA928EAF4E3005977F2 /* BaseTabBarViewController.swift */,
				F27173E4292C95E50009A7FB /* UIView+Extension.swift */,
			);
			path = BaseController;
			sourceTree = "<group>";
		};
		F2A08CAF28EAF7DD005977F2 /* Models */ = {
			isa = PBXGroup;
			children = (
				F2A08CB028EAF7F8005977F2 /* DataModel.swift */,
			);
			path = Models;
			sourceTree = "<group>";
		};
		F2A08CB228EAFED6005977F2 /* Home */ = {
			isa = PBXGroup;
			children = (
				F2AFD606290E5BD90038B1D4 /* PageControl */,
				F2F46CF928F19FE100A5A203 /* Views */,
				F2A08CB528EB0F90005977F2 /* home.storyboard */,
				F2F46D0628F1A30F00A5A203 /* HomeController.swift */,
				F228184328EC304D0080AF18 /* HomeCoordinator.swift */,
			);
			path = Home;
			sourceTree = "<group>";
		};
		F2A08CB828EB1015005977F2 /* SelfChoice */ = {
			isa = PBXGroup;
			children = (
				F2C1BAB7292E467400FC3AB4 /* subControllers */,
				F2C1BAB6292E466600FC3AB4 /* views */,
				F2A08CB928EB1039005977F2 /* choice.storyboard */,
				F228184128EC300C0080AF18 /* ChoiceCoordinator.swift */,
				F2C1BABC292E46E800FC3AB4 /* ChoiceViewController.swift */,
			);
			path = SelfChoice;
			sourceTree = "<group>";
		};
		F2A08CBC28EB1040005977F2 /* Me */ = {
			isa = PBXGroup;
			children = (
				F243556328F8294E00E59604 /* Controllers */,
				F2B6979128F6EC7900DE7B64 /* Views */,
				F2A08CBD28EB1069005977F2 /* me.storyboard */,
				F228183F28EC2F430080AF18 /* MeCoordinator.swift */,
				F2B6978F28F6EBCD00DE7B64 /* MeViewController.swift */,
			);
			path = Me;
			sourceTree = "<group>";
		};
		F2A1E4A4292B54F300A3E14F /* subControllers */ = {
			isa = PBXGroup;
			children = (
				F2A1E4A5292B552500A3E14F /* ListEditViewController.swift */,
				F2A1E4A6292B552500A3E14F /* ListEditViewController.xib */,
				F226C853292CF35D006CC998 /* ListAddViewController.swift */,
				F226C854292CF35D006CC998 /* ListAddViewController.xib */,
			);
			path = subControllers;
			sourceTree = "<group>";
		};
		F2AFD606290E5BD90038B1D4 /* PageControl */ = {
			isa = PBXGroup;
			children = (
				F2AFD607290E5C1A0038B1D4 /* ZBPageControl.swift */,
			);
			path = PageControl;
			sourceTree = "<group>";
		};
		F2B6979128F6EC7900DE7B64 /* Views */ = {
			isa = PBXGroup;
			children = (
				F2B6979228F6ECD300DE7B64 /* MeHeaderCell.swift */,
				F2B6979328F6ECD300DE7B64 /* MeHeaderCell.xib */,
				F2B6979628F7029000DE7B64 /* MeNormalCell.swift */,
				F2B6979728F7029000DE7B64 /* MeNormalCell.xib */,
				F2B6979A28F702A300DE7B64 /* MeInfoCell.swift */,
				F2B6979B28F702A300DE7B64 /* MeInfoCell.xib */,
			);
			path = Views;
			sourceTree = "<group>";
		};
		F2C1BAB6292E466600FC3AB4 /* views */ = {
			isa = PBXGroup;
			children = (
				F24F41FF292EFFDE000EA13A /* ChoiceItemCell.swift */,
				F24F4200292EFFDE000EA13A /* ChoiceItemCell.xib */,
				F24F4203292F079C000EA13A /* ChoiceCollectionHeaderView.swift */,
				F24F4204292F079C000EA13A /* ChoiceCollectionHeaderView.xib */,
				F24F420B292F1F39000EA13A /* HotDataTitleCell.swift */,
				F24F420C292F1F39000EA13A /* HotDataTitleCell.xib */,
				F24F420F292F3850000EA13A /* HotDataBottomCell.swift */,
				F24F4210292F3850000EA13A /* HotDataBottomCell.xib */,
				F24F4213292F3FA1000EA13A /* HotDataTagCell.swift */,
				F24F4214292F3FA1000EA13A /* HotDataTagCell.xib */,
				F24F4217292F489C000EA13A /* HotDataTextCell.swift */,
				F24F4218292F489C000EA13A /* HotDataTextCell.xib */,
				F24F421B292F48B3000EA13A /* HotDataMediaCell.swift */,
				F24F421C292F48B3000EA13A /* HotDataMediaCell.xib */,
			);
			path = views;
			sourceTree = "<group>";
		};
		F2C1BAB7292E467400FC3AB4 /* subControllers */ = {
			isa = PBXGroup;
			children = (
				F2549CA6293C83980026F774 /* DataSources */,
				F2EE92882931C23A00C73052 /* subViews */,
				F24F4207292F1ABB000EA13A /* ReadHotDataViewController.swift */,
				F24F4208292F1ABB000EA13A /* ReadHotDataViewController.xib */,
				F2EE92802931C0F000C73052 /* CategoryViewController.swift */,
				F2EE92842931C13300C73052 /* CommodityViewController.swift */,
				F2EE92912931F12700C73052 /* CoreDataViewController.swift */,
				F2EE92922931F12700C73052 /* CoreDataViewController.xib */,
				F2EE92A12932018000C73052 /* DataFeedViewController.swift */,
				F2EE92A22932018000C73052 /* DataFeedViewController.xib */,
				F2EE92A529325A5800C73052 /* RelatedProductController.swift */,
				F2EE92A629325A5800C73052 /* RelatedProductController.xib */,
				F2D6865029333E4100312B2E /* PredictManagerController.swift */,
				F2D6865129333E4100312B2E /* PredictManagerController.xib */,
			);
			path = subControllers;
			sourceTree = "<group>";
		};
		F2EE92882931C23A00C73052 /* subViews */ = {
			isa = PBXGroup;
			children = (
				F2EE92892931D13E00C73052 /* CategoryHeadView.swift */,
				F2EE928B2931D14E00C73052 /* CategoryHeadView.xib */,
				F2EE928D2931D47D00C73052 /* CategoryCollectionCell.swift */,
				F2EE928E2931D47D00C73052 /* CategoryCollectionCell.xib */,
				F2EE92952931F6DF00C73052 /* CoreDataTableCell.swift */,
				F2EE92962931F6DF00C73052 /* CoreDataTableCell.xib */,
				F2EE92992931FFA600C73052 /* DataFeedTableCell.swift */,
				F2EE929A2931FFA600C73052 /* DataFeedTableCell.xib */,
				F2EE92A929325AAC00C73052 /* RelatedProductCell.swift */,
				F2EE92AA29325AAC00C73052 /* RelatedProductCell.xib */,
			);
			path = subViews;
			sourceTree = "<group>";
		};
		F2F46CF928F19FE100A5A203 /* Views */ = {
			isa = PBXGroup;
			children = (
				F2F46CFA28F1A0D500A5A203 /* HotGoodsCell.swift */,
				F2F46CFB28F1A0D600A5A203 /* HotGoodsCell.xib */,
				F2F46CFE28F1A12C00A5A203 /* HotBusinessCell.swift */,
				F2F46CFF28F1A12C00A5A203 /* HotBusinessCell.xib */,
				F2F46D0228F1A17B00A5A203 /* HomeBannerCell.swift */,
				F2F46D0328F1A17B00A5A203 /* HomeBannerCell.xib */,
				F2AFD602290E57790038B1D4 /* BannerCollectionCell.swift */,
				F2AFD603290E57790038B1D4 /* BannerCollectionCell.xib */,
				F24BC65028F2F9D500F51930 /* HotCollectionCell.swift */,
				F24BC65128F2F9D500F51930 /* HotCollectionCell.xib */,
				F2E5FAB128F457400051F124 /* BusinessCollectionViewCell.swift */,
				F2E5FAB228F457400051F124 /* BusinessCollectionViewCell.xib */,
				F2DB509028F5B9AA00985779 /* Shadow.swift */,
				F2AFD5FE290E1F550038B1D4 /* HomeDataCell.swift */,
				F2AFD5FF290E1F550038B1D4 /* HomeDataCell.xib */,
				F2AFD609290E65850038B1D4 /* NavSearchView.xib */,
				F2AFD60B290E67880038B1D4 /* NavSearchView.swift */,
			);
			path = Views;
			sourceTree = "<group>";
		};
/* End PBXGroup section */

/* Begin PBXNativeTarget section */
		F2A08C8328EAF1AC005977F2 /* zebra-look */ = {
			isa = PBXNativeTarget;
			buildConfigurationList = F2A08C9828EAF1AD005977F2 /* Build configuration list for PBXNativeTarget "zebra-look" */;
			buildPhases = (
				A78DF2127B2DDD9D45104987 /* [CP] Check Pods Manifest.lock */,
				F2A08C8028EAF1AC005977F2 /* Sources */,
				F2A08C8128EAF1AC005977F2 /* Frameworks */,
				F2A08C8228EAF1AC005977F2 /* Resources */,
				25D3C3C309E36D48E31E40B2 /* [CP] Embed Pods Frameworks */,
			);
			buildRules = (
			);
			dependencies = (
			);
			name = "zebra-look";
			productName = "zebra-look";
			productReference = F2A08C8428EAF1AC005977F2 /* zebra-look.app */;
			productType = "com.apple.product-type.application";
		};
/* End PBXNativeTarget section */

/* Begin PBXProject section */
		F2A08C7C28EAF1AC005977F2 /* Project object */ = {
			isa = PBXProject;
			attributes = {
				BuildIndependentTargetsInParallel = 1;
				LastSwiftUpdateCheck = 1400;
				LastUpgradeCheck = 1400;
				TargetAttributes = {
					F2A08C8328EAF1AC005977F2 = {
						CreatedOnToolsVersion = 14.0.1;
					};
				};
			};
			buildConfigurationList = F2A08C7F28EAF1AC005977F2 /* Build configuration list for PBXProject "zebra-look" */;
			compatibilityVersion = "Xcode 14.0";
			developmentRegion = en;
			hasScannedForEncodings = 0;
			knownRegions = (
				en,
				Base,
			);
			mainGroup = F2A08C7B28EAF1AC005977F2;
			productRefGroup = F2A08C8528EAF1AC005977F2 /* Products */;
			projectDirPath = "";
			projectRoot = "";
			targets = (
				F2A08C8328EAF1AC005977F2 /* zebra-look */,
			);
		};
/* End PBXProject section */

/* Begin PBXResourcesBuildPhase section */
		F2A08C8228EAF1AC005977F2 /* Resources */ = {
			isa = PBXResourcesBuildPhase;
			buildActionMask = 2147483647;
			files = (
				F2A1E4A3292B4A2200A3E14F /* ItemFooterCell.xib in Resources */,
				F2CA7E5F28FBDE6D0037C4E6 /* MePurchase.storyboard in Resources */,
				F24F420A292F1ABB000EA13A /* ReadHotDataViewController.xib in Resources */,
				F24F420E292F1F39000EA13A /* HotDataTitleCell.xib in Resources */,
				F2EE92AC29325AAC00C73052 /* RelatedProductCell.xib in Resources */,
				F2B6979928F7029000DE7B64 /* MeNormalCell.xib in Resources */,
				F290EC3B29179754008E3802 /* ItemViewCell.xib in Resources */,
				F24F421A292F489C000EA13A /* HotDataTextCell.xib in Resources */,
				F29EA046292DB05600979463 /* ListAddCell.xib in Resources */,
				F24F4206292F079C000EA13A /* ChoiceCollectionHeaderView.xib in Resources */,
				F2AFD60A290E65850038B1D4 /* NavSearchView.xib in Resources */,
				F29CD8A228FA9071006E39A1 /* ConfigStoryboard.storyboard in Resources */,
				F2EE929C2931FFA600C73052 /* DataFeedTableCell.xib in Resources */,
				F2B6979528F6ECD300DE7B64 /* MeHeaderCell.xib in Resources */,
				F2EE92902931D47D00C73052 /* CategoryCollectionCell.xib in Resources */,
				F2AFD601290E1F550038B1D4 /* HomeDataCell.xib in Resources */,
				F2E5FAB428F457400051F124 /* BusinessCollectionViewCell.xib in Resources */,
				F2D6865329333E4100312B2E /* PredictManagerController.xib in Resources */,
				F205EAC5292A40220022ABDA /* ListTableSectionHeaderView.xib in Resources */,
				F24F4212292F3850000EA13A /* HotDataBottomCell.xib in Resources */,
				F2F46D0528F1A17B00A5A203 /* HomeBannerCell.xib in Resources */,
				F2AFD605290E57790038B1D4 /* BannerCollectionCell.xib in Resources */,
				F2EE92A42932018000C73052 /* DataFeedViewController.xib in Resources */,
				F2EE928C2931D14E00C73052 /* CategoryHeadView.xib in Resources */,
				F21CEBC028FBCB5A00AE2396 /* MeModify.storyboard in Resources */,
				F2A08C9428EAF1AD005977F2 /* LaunchScreen.storyboard in Resources */,
				F24F421E292F48B3000EA13A /* HotDataMediaCell.xib in Resources */,
				F2EE92942931F12700C73052 /* CoreDataViewController.xib in Resources */,
				F226C856292CF35D006CC998 /* ListAddViewController.xib in Resources */,
				F2A08CBB28EB1039005977F2 /* choice.storyboard in Resources */,
				F2A08C9128EAF1AD005977F2 /* Assets.xcassets in Resources */,
				F2A1E4A8292B552500A3E14F /* ListEditViewController.xib in Resources */,
				F290EC36291796AF008E3802 /* ItemViewController.xib in Resources */,
				F2B6979D28F702A300DE7B64 /* MeInfoCell.xib in Resources */,
				F2F46D0128F1A12C00A5A203 /* HotBusinessCell.xib in Resources */,
				F24F4216292F3FA1000EA13A /* HotDataTagCell.xib in Resources */,
				F24BC65328F2F9D500F51930 /* HotCollectionCell.xib in Resources */,
				F2EE92A829325A5800C73052 /* RelatedProductController.xib in Resources */,
				F2A08C8F28EAF1AC005977F2 /* Main.storyboard in Resources */,
				F24F4202292EFFDE000EA13A /* ChoiceItemCell.xib in Resources */,
				F206C90929164F0A003BD885 /* list.storyboard in Resources */,
				F2A1E49B292B118000A3E14F /* OptionsCollectionViewCell.xib in Resources */,
				F205EABF292A2AF40022ABDA /* ListTableHeaderView.xib in Resources */,
				F2CA7E5D28FBD69C0037C4E6 /* MyOrder.storyboard in Resources */,
				F2A08CBE28EB1069005977F2 /* me.storyboard in Resources */,
				F243556728F8299C00E59604 /* OurInfoController.xib in Resources */,
				F2EE92982931F6DF00C73052 /* CoreDataTableCell.xib in Resources */,
				F2A08CB728EB0F90005977F2 /* home.storyboard in Resources */,
				F2F46CFD28F1A0D600A5A203 /* HotGoodsCell.xib in Resources */,
				F2779F3B292BB6170011BAD1 /* ListEditCell.xib in Resources */,
			);
			runOnlyForDeploymentPostprocessing = 0;
		};
/* End PBXResourcesBuildPhase section */

/* Begin PBXShellScriptBuildPhase section */
		25D3C3C309E36D48E31E40B2 /* [CP] Embed Pods Frameworks */ = {
			isa = PBXShellScriptBuildPhase;
			buildActionMask = 2147483647;
			files = (
			);
			inputFileListPaths = (
				"${PODS_ROOT}/Target Support Files/Pods-zebra-look/Pods-zebra-look-frameworks-${CONFIGURATION}-input-files.xcfilelist",
			);
			name = "[CP] Embed Pods Frameworks";
			outputFileListPaths = (
				"${PODS_ROOT}/Target Support Files/Pods-zebra-look/Pods-zebra-look-frameworks-${CONFIGURATION}-output-files.xcfilelist",
			);
			runOnlyForDeploymentPostprocessing = 0;
			shellPath = /bin/sh;
			shellScript = "\"${PODS_ROOT}/Target Support Files/Pods-zebra-look/Pods-zebra-look-frameworks.sh\"\n";
			showEnvVarsInLog = 0;
		};
		A78DF2127B2DDD9D45104987 /* [CP] Check Pods Manifest.lock */ = {
			isa = PBXShellScriptBuildPhase;
			buildActionMask = 2147483647;
			files = (
			);
			inputFileListPaths = (
			);
			inputPaths = (
				"${PODS_PODFILE_DIR_PATH}/Podfile.lock",
				"${PODS_ROOT}/Manifest.lock",
			);
			name = "[CP] Check Pods Manifest.lock";
			outputFileListPaths = (
			);
			outputPaths = (
				"$(DERIVED_FILE_DIR)/Pods-zebra-look-checkManifestLockResult.txt",
			);
			runOnlyForDeploymentPostprocessing = 0;
			shellPath = /bin/sh;
			shellScript = "diff \"${PODS_PODFILE_DIR_PATH}/Podfile.lock\" \"${PODS_ROOT}/Manifest.lock\" > /dev/null\nif [ $? != 0 ] ; then\n    # print error to STDERR\n    echo \"error: The sandbox is not in sync with the Podfile.lock. Run 'pod install' or update your CocoaPods installation.\" >&2\n    exit 1\nfi\n# This output is used by Xcode 'outputs' to avoid re-running this script phase.\necho \"SUCCESS\" > \"${SCRIPT_OUTPUT_FILE_0}\"\n";
			showEnvVarsInLog = 0;
		};
/* End PBXShellScriptBuildPhase section */

/* Begin PBXSourcesBuildPhase section */
		F2A08C8028EAF1AC005977F2 /* Sources */ = {
			isa = PBXSourcesBuildPhase;
			buildActionMask = 2147483647;
			files = (
				F290EC3229166050008E3802 /* ListViewController.swift in Sources */,
				F2779F3A292BB6170011BAD1 /* ListEditCell.swift in Sources */,
				F2AFD60C290E67880038B1D4 /* NavSearchView.swift in Sources */,
				F205EAC3292A40120022ABDA /* ListTableSectionHeaderView.swift in Sources */,
				F2549CAA293CA8140026F774 /* DoingDataSource.swift in Sources */,
				F2A08CAE28EAF616005977F2 /* AppCoordinator.swift in Sources */,
				F2D6865229333E4100312B2E /* PredictManagerController.swift in Sources */,
				F2AFD608290E5C1A0038B1D4 /* ZBPageControl.swift in Sources */,
				F205EAC1292A2B220022ABDA /* ListTableHeaderView.swift in Sources */,
				F2F46D0428F1A17B00A5A203 /* HomeBannerCell.swift in Sources */,
				F2A08CA528EAF43A005977F2 /* YCNetworkingError.swift in Sources */,
				F21CEBC228FBCE9A00AE2396 /* MeModifyController.swift in Sources */,
				F2CA7E5B28FBD68A0037C4E6 /* MyOrdersController.swift in Sources */,
				F228184228EC300C0080AF18 /* ChoiceCoordinator.swift in Sources */,
				F290EC3A29179754008E3802 /* ItemViewCell.swift in Sources */,
				F290EC35291796AF008E3802 /* ItemViewController.swift in Sources */,
				F2F46D0728F1A30F00A5A203 /* HomeController.swift in Sources */,
				F2F46D0028F1A12C00A5A203 /* HotBusinessCell.swift in Sources */,
				F2A1E49A292B118000A3E14F /* OptionsCollectionViewCell.swift in Sources */,
				F2A08CA428EAF43A005977F2 /* YCNetworking.swift in Sources */,
				F2A08CAA28EAF4E3005977F2 /* BaseNavViewController.swift in Sources */,
				F2A08CA128EAF43A005977F2 /* ApiItem.swift in Sources */,
				F24F4201292EFFDE000EA13A /* ChoiceItemCell.swift in Sources */,
				F24F4209292F1ABB000EA13A /* ReadHotDataViewController.swift in Sources */,
				F2DB509128F5B9AA00985779 /* Shadow.swift in Sources */,
				F29EA045292DB05600979463 /* ListAddCell.swift in Sources */,
				F2B6979828F7029000DE7B64 /* MeNormalCell.swift in Sources */,
				F243556628F8299C00E59604 /* OurInfoController.swift in Sources */,
				F2B6979028F6EBCD00DE7B64 /* MeViewController.swift in Sources */,
				F2A1E4A2292B4A2200A3E14F /* ItemFooterCell.swift in Sources */,
				F24BC65228F2F9D500F51930 /* HotCollectionCell.swift in Sources */,
				F2EE92972931F6DF00C73052 /* CoreDataTableCell.swift in Sources */,
				F24F4205292F079C000EA13A /* ChoiceCollectionHeaderView.swift in Sources */,
				F2CA7E6128FBDE860037C4E6 /* MemberPurchaseController.swift in Sources */,
				F2AFD604290E57790038B1D4 /* BannerCollectionCell.swift in Sources */,
				F24F421D292F48B3000EA13A /* HotDataMediaCell.swift in Sources */,
				F27173E5292C95E50009A7FB /* UIView+Extension.swift in Sources */,
				F2A08CB128EAF7F8005977F2 /* DataModel.swift in Sources */,
				F2A08CAB28EAF4E3005977F2 /* BaseViewController.swift in Sources */,
				F2EE92862931C13300C73052 /* CommodityViewController.swift in Sources */,
				F2EE92822931C0F000C73052 /* CategoryViewController.swift in Sources */,
				F228184028EC2F430080AF18 /* MeCoordinator.swift in Sources */,
				F2C1BABD292E46E800FC3AB4 /* ChoiceViewController.swift in Sources */,
				F2A08C8828EAF1AC005977F2 /* AppDelegate.swift in Sources */,
				F24F4211292F3850000EA13A /* HotDataBottomCell.swift in Sources */,
				F24F420D292F1F39000EA13A /* HotDataTitleCell.swift in Sources */,
				F24F4215292F3FA1000EA13A /* HotDataTagCell.swift in Sources */,
				F2B6979428F6ECD300DE7B64 /* MeHeaderCell.swift in Sources */,
				F2EE92A729325A5800C73052 /* RelatedProductController.swift in Sources */,
				F2EE92A32932018000C73052 /* DataFeedViewController.swift in Sources */,
				F2EE92932931F12700C73052 /* CoreDataViewController.swift in Sources */,
				F2A08CAC28EAF4E3005977F2 /* BaseTabBarViewController.swift in Sources */,
				F24F4219292F489C000EA13A /* HotDataTextCell.swift in Sources */,
				F2A08CA228EAF43A005977F2 /* YCHttpAPI.swift in Sources */,
				F228184428EC304D0080AF18 /* HomeCoordinator.swift in Sources */,
				F2EE92AB29325AAC00C73052 /* RelatedProductCell.swift in Sources */,
				F21CEBBE28FBB4E500AE2396 /* AboutController.swift in Sources */,
				F2F46CFC28F1A0D600A5A203 /* HotGoodsCell.swift in Sources */,
				F29CD89F28FA8D70006E39A1 /* ConfigController.swift in Sources */,
				F2A1E4AA292B55A300A3E14F /* ListCoordinator.swift in Sources */,
				F2EE929B2931FFA600C73052 /* DataFeedTableCell.swift in Sources */,
				F2A08CA328EAF43A005977F2 /* YCMultipartData.swift in Sources */,
				F226C855292CF35D006CC998 /* ListAddViewController.swift in Sources */,
				F2B6979C28F702A300DE7B64 /* MeInfoCell.swift in Sources */,
				F2A1E4A7292B552500A3E14F /* ListEditViewController.swift in Sources */,
				F2549CA8293C83F50026F774 /* AllPredictDataSource.swift in Sources */,
				F2E5FAB328F457400051F124 /* BusinessCollectionViewCell.swift in Sources */,
				F2AFD600290E1F550038B1D4 /* HomeDataCell.swift in Sources */,
				F2EE928A2931D13E00C73052 /* CategoryHeadView.swift in Sources */,
				F2A08C8A28EAF1AC005977F2 /* SceneDelegate.swift in Sources */,
				F2EE928F2931D47D00C73052 /* CategoryCollectionCell.swift in Sources */,
			);
			runOnlyForDeploymentPostprocessing = 0;
		};
/* End PBXSourcesBuildPhase section */

/* Begin PBXVariantGroup section */
		F206C90729164F0A003BD885 /* list.storyboard */ = {
			isa = PBXVariantGroup;
			children = (
				F206C90829164F0A003BD885 /* Base */,
			);
			name = list.storyboard;
			sourceTree = "<group>";
		};
		F2A08C8D28EAF1AC005977F2 /* Main.storyboard */ = {
			isa = PBXVariantGroup;
			children = (
				F2A08C8E28EAF1AC005977F2 /* Base */,
			);
			name = Main.storyboard;
			sourceTree = "<group>";
		};
		F2A08C9228EAF1AD005977F2 /* LaunchScreen.storyboard */ = {
			isa = PBXVariantGroup;
			children = (
				F2A08C9328EAF1AD005977F2 /* Base */,
			);
			name = LaunchScreen.storyboard;
			sourceTree = "<group>";
		};
		F2A08CB528EB0F90005977F2 /* home.storyboard */ = {
			isa = PBXVariantGroup;
			children = (
				F2A08CB628EB0F90005977F2 /* Base */,
			);
			name = home.storyboard;
			sourceTree = "<group>";
		};
		F2A08CB928EB1039005977F2 /* choice.storyboard */ = {
			isa = PBXVariantGroup;
			children = (
				F2A08CBA28EB1039005977F2 /* Base */,
			);
			name = choice.storyboard;
			sourceTree = "<group>";
		};
/* End PBXVariantGroup section */

/* Begin XCBuildConfiguration section */
		F2A08C9628EAF1AD005977F2 /* Debug */ = {
			isa = XCBuildConfiguration;
			buildSettings = {
				ALWAYS_SEARCH_USER_PATHS = NO;
				CLANG_ANALYZER_NONNULL = YES;
				CLANG_ANALYZER_NUMBER_OBJECT_CONVERSION = YES_AGGRESSIVE;
				CLANG_CXX_LANGUAGE_STANDARD = "gnu++20";
				CLANG_ENABLE_MODULES = YES;
				CLANG_ENABLE_OBJC_ARC = YES;
				CLANG_ENABLE_OBJC_WEAK = YES;
				CLANG_WARN_BLOCK_CAPTURE_AUTORELEASING = YES;
				CLANG_WARN_BOOL_CONVERSION = YES;
				CLANG_WARN_COMMA = YES;
				CLANG_WARN_CONSTANT_CONVERSION = YES;
				CLANG_WARN_DEPRECATED_OBJC_IMPLEMENTATIONS = YES;
				CLANG_WARN_DIRECT_OBJC_ISA_USAGE = YES_ERROR;
				CLANG_WARN_DOCUMENTATION_COMMENTS = YES;
				CLANG_WARN_EMPTY_BODY = YES;
				CLANG_WARN_ENUM_CONVERSION = YES;
				CLANG_WARN_INFINITE_RECURSION = YES;
				CLANG_WARN_INT_CONVERSION = YES;
				CLANG_WARN_NON_LITERAL_NULL_CONVERSION = YES;
				CLANG_WARN_OBJC_IMPLICIT_RETAIN_SELF = YES;
				CLANG_WARN_OBJC_LITERAL_CONVERSION = YES;
				CLANG_WARN_OBJC_ROOT_CLASS = YES_ERROR;
				CLANG_WARN_QUOTED_INCLUDE_IN_FRAMEWORK_HEADER = YES;
				CLANG_WARN_RANGE_LOOP_ANALYSIS = YES;
				CLANG_WARN_STRICT_PROTOTYPES = YES;
				CLANG_WARN_SUSPICIOUS_MOVE = YES;
				CLANG_WARN_UNGUARDED_AVAILABILITY = YES_AGGRESSIVE;
				CLANG_WARN_UNREACHABLE_CODE = YES;
				CLANG_WARN__DUPLICATE_METHOD_MATCH = YES;
				COPY_PHASE_STRIP = NO;
				DEBUG_INFORMATION_FORMAT = dwarf;
				ENABLE_STRICT_OBJC_MSGSEND = YES;
				ENABLE_TESTABILITY = YES;
				GCC_C_LANGUAGE_STANDARD = gnu11;
				GCC_DYNAMIC_NO_PIC = NO;
				GCC_NO_COMMON_BLOCKS = YES;
				GCC_OPTIMIZATION_LEVEL = 0;
				GCC_PREPROCESSOR_DEFINITIONS = (
					"DEBUG=1",
					"$(inherited)",
				);
				GCC_WARN_64_TO_32_BIT_CONVERSION = YES;
				GCC_WARN_ABOUT_RETURN_TYPE = YES_ERROR;
				GCC_WARN_UNDECLARED_SELECTOR = YES;
				GCC_WARN_UNINITIALIZED_AUTOS = YES_AGGRESSIVE;
				GCC_WARN_UNUSED_FUNCTION = YES;
				GCC_WARN_UNUSED_VARIABLE = YES;
				IPHONEOS_DEPLOYMENT_TARGET = 16.0;
				MTL_ENABLE_DEBUG_INFO = INCLUDE_SOURCE;
				MTL_FAST_MATH = YES;
				ONLY_ACTIVE_ARCH = YES;
				SDKROOT = iphoneos;
				SWIFT_ACTIVE_COMPILATION_CONDITIONS = DEBUG;
				SWIFT_OPTIMIZATION_LEVEL = "-Onone";
			};
			name = Debug;
		};
		F2A08C9728EAF1AD005977F2 /* Release */ = {
			isa = XCBuildConfiguration;
			buildSettings = {
				ALWAYS_SEARCH_USER_PATHS = NO;
				CLANG_ANALYZER_NONNULL = YES;
				CLANG_ANALYZER_NUMBER_OBJECT_CONVERSION = YES_AGGRESSIVE;
				CLANG_CXX_LANGUAGE_STANDARD = "gnu++20";
				CLANG_ENABLE_MODULES = YES;
				CLANG_ENABLE_OBJC_ARC = YES;
				CLANG_ENABLE_OBJC_WEAK = YES;
				CLANG_WARN_BLOCK_CAPTURE_AUTORELEASING = YES;
				CLANG_WARN_BOOL_CONVERSION = YES;
				CLANG_WARN_COMMA = YES;
				CLANG_WARN_CONSTANT_CONVERSION = YES;
				CLANG_WARN_DEPRECATED_OBJC_IMPLEMENTATIONS = YES;
				CLANG_WARN_DIRECT_OBJC_ISA_USAGE = YES_ERROR;
				CLANG_WARN_DOCUMENTATION_COMMENTS = YES;
				CLANG_WARN_EMPTY_BODY = YES;
				CLANG_WARN_ENUM_CONVERSION = YES;
				CLANG_WARN_INFINITE_RECURSION = YES;
				CLANG_WARN_INT_CONVERSION = YES;
				CLANG_WARN_NON_LITERAL_NULL_CONVERSION = YES;
				CLANG_WARN_OBJC_IMPLICIT_RETAIN_SELF = YES;
				CLANG_WARN_OBJC_LITERAL_CONVERSION = YES;
				CLANG_WARN_OBJC_ROOT_CLASS = YES_ERROR;
				CLANG_WARN_QUOTED_INCLUDE_IN_FRAMEWORK_HEADER = YES;
				CLANG_WARN_RANGE_LOOP_ANALYSIS = YES;
				CLANG_WARN_STRICT_PROTOTYPES = YES;
				CLANG_WARN_SUSPICIOUS_MOVE = YES;
				CLANG_WARN_UNGUARDED_AVAILABILITY = YES_AGGRESSIVE;
				CLANG_WARN_UNREACHABLE_CODE = YES;
				CLANG_WARN__DUPLICATE_METHOD_MATCH = YES;
				COPY_PHASE_STRIP = NO;
				DEBUG_INFORMATION_FORMAT = "dwarf-with-dsym";
				ENABLE_NS_ASSERTIONS = NO;
				ENABLE_STRICT_OBJC_MSGSEND = YES;
				GCC_C_LANGUAGE_STANDARD = gnu11;
				GCC_NO_COMMON_BLOCKS = YES;
				GCC_WARN_64_TO_32_BIT_CONVERSION = YES;
				GCC_WARN_ABOUT_RETURN_TYPE = YES_ERROR;
				GCC_WARN_UNDECLARED_SELECTOR = YES;
				GCC_WARN_UNINITIALIZED_AUTOS = YES_AGGRESSIVE;
				GCC_WARN_UNUSED_FUNCTION = YES;
				GCC_WARN_UNUSED_VARIABLE = YES;
				IPHONEOS_DEPLOYMENT_TARGET = 16.0;
				MTL_ENABLE_DEBUG_INFO = NO;
				MTL_FAST_MATH = YES;
				SDKROOT = iphoneos;
				SWIFT_COMPILATION_MODE = wholemodule;
				SWIFT_OPTIMIZATION_LEVEL = "-O";
				VALIDATE_PRODUCT = YES;
			};
			name = Release;
		};
		F2A08C9928EAF1AD005977F2 /* Debug */ = {
			isa = XCBuildConfiguration;
			baseConfigurationReference = 154CBB8BC57042FC9D303DDF /* Pods-zebra-look.debug.xcconfig */;
			buildSettings = {
				ASSETCATALOG_COMPILER_APPICON_NAME = AppIcon;
				ASSETCATALOG_COMPILER_GLOBAL_ACCENT_COLOR_NAME = AccentColor;
				CODE_SIGN_STYLE = Automatic;
				CURRENT_PROJECT_VERSION = 1;
				GENERATE_INFOPLIST_FILE = YES;
				INFOPLIST_FILE = "zebra-look/Info.plist";
				INFOPLIST_KEY_UIApplicationSupportsIndirectInputEvents = YES;
				INFOPLIST_KEY_UILaunchStoryboardName = LaunchScreen;
				INFOPLIST_KEY_UIMainStoryboardFile = Main;
				INFOPLIST_KEY_UISupportedInterfaceOrientations = UIInterfaceOrientationPortrait;
				INFOPLIST_KEY_UISupportedInterfaceOrientations_iPad = "UIInterfaceOrientationLandscapeLeft UIInterfaceOrientationLandscapeRight UIInterfaceOrientationPortrait UIInterfaceOrientationPortraitUpsideDown";
				IPHONEOS_DEPLOYMENT_TARGET = 14.0;
				LD_RUNPATH_SEARCH_PATHS = (
					"$(inherited)",
					"@executable_path/Frameworks",
				);
				MARKETING_VERSION = 1.0;
				PRODUCT_BUNDLE_IDENTIFIER = "com.zebra-look.app.zebra-look";
				PRODUCT_NAME = "$(TARGET_NAME)";
				SWIFT_EMIT_LOC_STRINGS = YES;
				SWIFT_VERSION = 5.0;
				TARGETED_DEVICE_FAMILY = "1,2";
			};
			name = Debug;
		};
		F2A08C9A28EAF1AD005977F2 /* Release */ = {
			isa = XCBuildConfiguration;
			baseConfigurationReference = DA8D8816A0C28049454DDA03 /* Pods-zebra-look.release.xcconfig */;
			buildSettings = {
				ASSETCATALOG_COMPILER_APPICON_NAME = AppIcon;
				ASSETCATALOG_COMPILER_GLOBAL_ACCENT_COLOR_NAME = AccentColor;
				CODE_SIGN_STYLE = Automatic;
				CURRENT_PROJECT_VERSION = 1;
				GENERATE_INFOPLIST_FILE = YES;
				INFOPLIST_FILE = "zebra-look/Info.plist";
				INFOPLIST_KEY_UIApplicationSupportsIndirectInputEvents = YES;
				INFOPLIST_KEY_UILaunchStoryboardName = LaunchScreen;
				INFOPLIST_KEY_UIMainStoryboardFile = Main;
				INFOPLIST_KEY_UISupportedInterfaceOrientations = UIInterfaceOrientationPortrait;
				INFOPLIST_KEY_UISupportedInterfaceOrientations_iPad = "UIInterfaceOrientationLandscapeLeft UIInterfaceOrientationLandscapeRight UIInterfaceOrientationPortrait UIInterfaceOrientationPortraitUpsideDown";
				IPHONEOS_DEPLOYMENT_TARGET = 14.0;
				LD_RUNPATH_SEARCH_PATHS = (
					"$(inherited)",
					"@executable_path/Frameworks",
				);
				MARKETING_VERSION = 1.0;
				PRODUCT_BUNDLE_IDENTIFIER = "com.zebra-look.app.zebra-look";
				PRODUCT_NAME = "$(TARGET_NAME)";
				SWIFT_EMIT_LOC_STRINGS = YES;
				SWIFT_VERSION = 5.0;
				TARGETED_DEVICE_FAMILY = "1,2";
			};
			name = Release;
		};
/* End XCBuildConfiguration section */

/* Begin XCConfigurationList section */
		F2A08C7F28EAF1AC005977F2 /* Build configuration list for PBXProject "zebra-look" */ = {
			isa = XCConfigurationList;
			buildConfigurations = (
				F2A08C9628EAF1AD005977F2 /* Debug */,
				F2A08C9728EAF1AD005977F2 /* Release */,
			);
			defaultConfigurationIsVisible = 0;
			defaultConfigurationName = Release;
		};
		F2A08C9828EAF1AD005977F2 /* Build configuration list for PBXNativeTarget "zebra-look" */ = {
			isa = XCConfigurationList;
			buildConfigurations = (
				F2A08C9928EAF1AD005977F2 /* Debug */,
				F2A08C9A28EAF1AD005977F2 /* Release */,
			);
			defaultConfigurationIsVisible = 0;
			defaultConfigurationName = Release;
		};
/* End XCConfigurationList section */
	};
	rootObject = F2A08C7C28EAF1AC005977F2 /* Project object */;
}
